
Microsoft Visual Studio Solution File, Format Version 12.00
# Visual Studio 15
VisualStudioVersion = 15.0.27130.2010
MinimumVisualStudioVersion = 10.0.40219.1
Project("{9A19103F-16F7-4668-BE54-9A1E7A4F7556}") = "RestBuy.Web", "RestBuy.Web\RestBuy.Web.csproj", "{4EBCD2F8-36C0-449F-B141-EC34E29B3691}"
EndProject
Project("{9A19103F-16F7-4668-BE54-9A1E7A4F7556}") = "RestBuy", "RestBuy\RestBuy.csproj", "{05B71A48-D3EC-4484-B29B-E9E69C0D366C}"
EndProject
Project("{9A19103F-16F7-4668-BE54-9A1E7A4F7556}") = "RestBuy.Infrastructure", "RestBuy.Infrastructure\RestBuy.Infrastructure.csproj", "{9B183E58-1DD7-45F7-950C-BC2A0C0A82CD}"
EndProject
Project("{9A19103F-16F7-4668-BE54-9A1E7A4F7556}") = "RestBuy.Application", "RestBuy.Application\RestBuy.Application.csproj", "{15AE5812-CA8E-470C-B161-75021679A61B}"
EndProject
Project("{FAE04EC0-301F-11D3-BF4B-00C04F79EFBC}") = "RestBuy.Test", "RestBuy.Test\RestBuy.Test.csproj", "{A66AE416-4F74-4C02-A4E8-B0703DB178E9}"
EndProject
Global
	GlobalSection(SolutionConfigurationPlatforms) = preSolution
		Debug|Any CPU = Debug|Any CPU
		Release|Any CPU = Release|Any CPU
	EndGlobalSection
	GlobalSection(ProjectConfigurationPlatforms) = postSolution
		{4EBCD2F8-36C0-449F-B141-EC34E29B3691}.Debug|Any CPU.ActiveCfg = Debug|Any CPU
		{4EBCD2F8-36C0-449F-B141-EC34E29B3691}.Debug|Any CPU.Build.0 = Debug|Any CPU
		{4EBCD2F8-36C0-449F-B141-EC34E29B3691}.Release|Any CPU.ActiveCfg = Release|Any CPU
		{4EBCD2F8-36C0-449F-B141-EC34E29B3691}.Release|Any CPU.Build.0 = Release|Any CPU
		{05B71A48-D3EC-4484-B29B-E9E69C0D366C}.Debug|Any CPU.ActiveCfg = Debug|Any CPU
		{05B71A48-D3EC-4484-B29B-E9E69C0D366C}.Debug|Any CPU.Build.0 = Debug|Any CPU
		{05B71A48-D3EC-4484-B29B-E9E69C0D366C}.Release|Any CPU.ActiveCfg = Release|Any CPU
		{05B71A48-D3EC-4484-B29B-E9E69C0D366C}.Release|Any CPU.Build.0 = Release|Any CPU
		{9B183E58-1DD7-45F7-950C-BC2A0C0A82CD}.Debug|Any CPU.ActiveCfg = Debug|Any CPU
		{9B183E58-1DD7-45F7-950C-BC2A0C0A82CD}.Debug|Any CPU.Build.0 = Debug|Any CPU
		{9B183E58-1DD7-45F7-950C-BC2A0C0A82CD}.Release|Any CPU.ActiveCfg = Release|Any CPU
		{9B183E58-1DD7-45F7-950C-BC2A0C0A82CD}.Release|Any CPU.Build.0 = Release|Any CPU
		{15AE5812-CA8E-470C-B161-75021679A61B}.Debug|Any CPU.ActiveCfg = Debug|Any CPU
		{15AE5812-CA8E-470C-B161-75021679A61B}.Debug|Any CPU.Build.0 = Debug|Any CPU
		{15AE5812-CA8E-470C-B161-75021679A61B}.Release|Any CPU.ActiveCfg = Release|Any CPU
		{15AE5812-CA8E-470C-B161-75021679A61B}.Release|Any CPU.Build.0 = Release|Any CPU
		{A66AE416-4F74-4C02-A4E8-B0703DB178E9}.Debug|Any CPU.ActiveCfg = Debug|Any CPU
		{A66AE416-4F74-4C02-A4E8-B0703DB178E9}.Debug|Any CPU.Build.0 = Debug|Any CPU
		{A66AE416-4F74-4C02-A4E8-B0703DB178E9}.Release|Any CPU.ActiveCfg = Release|Any CPU
		{A66AE416-4F74-4C02-A4E8-B0703DB178E9}.Release|Any CPU.Build.0 = Release|Any CPU
	EndGlobalSection
	GlobalSection(SolutionProperties) = preSolution
		HideSolutionNode = FALSE
	EndGlobalSection
	GlobalSection(ExtensibilityGlobals) = postSolution
		SolutionGuid = {150178C5-5213-4FAB-988A-9DB4029DCB84}
	EndGlobalSection
EndGlobal
