
Microsoft Visual Studio Solution File, Format Version 12.00
# Visual Studio 15
VisualStudioVersion = 15.0.26711.1
MinimumVisualStudioVersion = 10.0.40219.1
Project("{FAE04EC0-301F-11D3-BF4B-00C04F79EFBC}") = "Activity3C1", "Activity3C1\Activity3C1.csproj", "{B7EAE8D6-6378-449F-8D15-5528F9375337}"
EndProject
Global
	GlobalSection(SolutionConfigurationPlatforms) = preSolution
		Debug|Any CPU = Debug|Any CPU
		Release|Any CPU = Release|Any CPU
	EndGlobalSection
	GlobalSection(ProjectConfigurationPlatforms) = postSolution
		{B7EAE8D6-6378-449F-8D15-5528F9375337}.Debug|Any CPU.ActiveCfg = Debug|Any CPU
		{B7EAE8D6-6378-449F-8D15-5528F9375337}.Debug|Any CPU.Build.0 = Debug|Any CPU
		{B7EAE8D6-6378-449F-8D15-5528F9375337}.Release|Any CPU.ActiveCfg = Release|Any CPU
		{B7EAE8D6-6378-449F-8D15-5528F9375337}.Release|Any CPU.Build.0 = Release|Any CPU
	EndGlobalSection
	GlobalSection(SolutionProperties) = preSolution
		HideSolutionNode = FALSE
	EndGlobalSection
	GlobalSection(ExtensibilityGlobals) = postSolution
		SolutionGuid = {D3DE9962-8D18-4069-A054-B98AFFFD9643}
	EndGlobalSection
EndGlobal
