
Microsoft Visual Studio Solution File, Format Version 12.00
# Visual Studio 15
VisualStudioVersion = 15.0.26711.1
MinimumVisualStudioVersion = 10.0.40219.1
Project("{FAE04EC0-301F-11D3-BF4B-00C04F79EFBC}") = "Activity3B1", "Activity3B1\Activity3B1.csproj", "{4987526C-DCDF-42A6-A6C6-22530167B2D0}"
EndProject
Global
	GlobalSection(SolutionConfigurationPlatforms) = preSolution
		Debug|Any CPU = Debug|Any CPU
		Release|Any CPU = Release|Any CPU
	EndGlobalSection
	GlobalSection(ProjectConfigurationPlatforms) = postSolution
		{4987526C-DCDF-42A6-A6C6-22530167B2D0}.Debug|Any CPU.ActiveCfg = Debug|Any CPU
		{4987526C-DCDF-42A6-A6C6-22530167B2D0}.Debug|Any CPU.Build.0 = Debug|Any CPU
		{4987526C-DCDF-42A6-A6C6-22530167B2D0}.Release|Any CPU.ActiveCfg = Release|Any CPU
		{4987526C-DCDF-42A6-A6C6-22530167B2D0}.Release|Any CPU.Build.0 = Release|Any CPU
	EndGlobalSection
	GlobalSection(SolutionProperties) = preSolution
		HideSolutionNode = FALSE
	EndGlobalSection
	GlobalSection(ExtensibilityGlobals) = postSolution
		SolutionGuid = {D87992F1-1683-4BD2-A186-473BED2256ED}
	EndGlobalSection
EndGlobal
