
Microsoft Visual Studio Solution File, Format Version 12.00
# Visual Studio 15
VisualStudioVersion = 15.0.26711.1
MinimumVisualStudioVersion = 10.0.40219.1
Project("{FAE04EC0-301F-11D3-BF4B-00C04F79EFBC}") = "MVCEF", "MVCEF\MVCEF.csproj", "{B545E5E7-00EB-48DA-BB2F-E058C2782F65}"
EndProject
Global
	GlobalSection(SolutionConfigurationPlatforms) = preSolution
		Debug|Any CPU = Debug|Any CPU
		Release|Any CPU = Release|Any CPU
	EndGlobalSection
	GlobalSection(ProjectConfigurationPlatforms) = postSolution
		{B545E5E7-00EB-48DA-BB2F-E058C2782F65}.Debug|Any CPU.ActiveCfg = Debug|Any CPU
		{B545E5E7-00EB-48DA-BB2F-E058C2782F65}.Debug|Any CPU.Build.0 = Debug|Any CPU
		{B545E5E7-00EB-48DA-BB2F-E058C2782F65}.Release|Any CPU.ActiveCfg = Release|Any CPU
		{B545E5E7-00EB-48DA-BB2F-E058C2782F65}.Release|Any CPU.Build.0 = Release|Any CPU
	EndGlobalSection
	GlobalSection(SolutionProperties) = preSolution
		HideSolutionNode = FALSE
	EndGlobalSection
	GlobalSection(ExtensibilityGlobals) = postSolution
		SolutionGuid = {53D7A2A9-EE44-4C80-BAFD-746EDBF99F04}
	EndGlobalSection
EndGlobal
